{
  "nodes": {
    "di": {
      "inputs": {
        "flake-parts": [
          "flake-parts"
        ],
        "nixpkgs": [
          "nixpkgs"
        ]
      },
      "locked": {
        "lastModified": 1776659492,
        "narHash": "sha256-DnGs0wfNvyVawH9sHDPZYue8/S1b7i4aIEf5qrf+/1Y=",
        "owner": "coletrammer",
        "repo": "di",
        "rev": "25e9f4473d4f0774b77ab3a622878d27edebf328",
        "type": "github"
      },
      "original": {
        "owner": "coletrammer",
        "repo": "di",
        "type": "github"
      }
    },
    "dius": {
      "inputs": {
        "di": [
          "di"
        ],
        "flake-parts": [
          "flake-parts"
        ],
        "nixpkgs": [
          "nixpkgs"
        ]
      },
      "locked": {
        "lastModified": 1776659482,
        "narHash": "sha256-R+zU9JUy1vd8HZ8w7D7khAqeI+6TlXO+XAhOL66x7xI=",
        "owner": "coletrammer",
        "repo": "dius",
        "rev": "4a1157fe09513bc73be5b03df3d152f502927b1a",
        "type": "github"
      },
      "original": {
        "owner": "coletrammer",
        "repo": "dius",
        "type": "github"
      }
    },
    "flake-parts": {
      "inputs": {
        "nixpkgs-lib": [
          "nixpkgs"
        ]
      },
      "locked": {
        "lastModified": 1782949081,
        "narHash": "sha256-vp6Y/Grm98ESt6ceOkWiHWyZRDV3J1RID4w+6NWK9yA=",
        "owner": "hercules-ci",
        "repo": "flake-parts",
        "rev": "17c9d6cdfc60c64f4ee8d306f9bc0b4ccb51481e",
        "type": "github"
      },
      "original": {
        "owner": "hercules-ci",
        "repo": "flake-parts",
        "type": "github"
      }
    },
    "iterm2-color-schemes": {
      "flake": false,
      "locked": {
        "lastModified": 1784038937,
        "narHash": "sha256-gn3nMY9dvU9g+uVfSqaETne6JYDg2wcSUC4OWO1yCWg=",
        "owner": "mbadolato",
        "repo": "iTerm2-Color-Schemes",
        "rev": "97e244cf98a0eb2ce4339d2069ec1bba6c81f141",
        "type": "github"
      },
      "original": {
        "owner": "mbadolato",
        "repo": "iTerm2-Color-Schemes",
        "type": "github"
      }
    },
    "nixpkgs": {
      "locked": {
        "lastModified": 1784364478,
        "narHash": "sha256-CdItYNdYUlm7NxqMVyQKqT2IxTwvapiPuRLWOyHTrbY=",
        "owner": "NixOS",
        "repo": "nixpkgs",
        "rev": "20535e48e12c86043b577b8518234ff5dbb26957",
        "type": "github"
      },
      "original": {
        "owner": "NixOS",
        "ref": "nixpkgs-unstable",
        "repo": "nixpkgs",
        "type": "github"
      }
    },
    "root": {
      "inputs": {
        "di": "di",
        "dius": "dius",
        "flake-parts": "flake-parts",
        "iterm2-color-schemes": "iterm2-color-schemes",
        "nixpkgs": "nixpkgs"
      }
    }
  },
  "root": "root",
  "version": 7
}
