{
  "nodes": {
    "di": {
      "inputs": {
        "flake-parts": ["flake-parts"],
        "nixpkgs": ["nixpkgs"]
      },
      "locked": {
        "lastModified": 1763277956,
        "narHash": "sha256-M+oQxYGyKPnQiXdsgpZ1fV5O4Pt6Dr7hgj7Q76uftXg=",
        "owner": "coletrammer",
        "repo": "di",
        "rev": "eb8873eedd069d2b39d0a42e7e781b02e111de54",
        "type": "github"
      },
      "original": {
        "owner": "coletrammer",
        "repo": "di",
        "type": "github"
      }
    },
    "dius": {
      "inputs": {
        "di": ["di"],
        "flake-parts": ["flake-parts"],
        "nixpkgs": ["nixpkgs"]
      },
      "locked": {
        "lastModified": 1747526544,
        "narHash": "sha256-lNpTLk/VYsyzhL9T9/zJwGQlBx+Ry6VB89BSYVVNx3Y=",
        "owner": "coletrammer",
        "repo": "dius",
        "rev": "5d3fc10c20c491272c522ec277e9ca665f2f420e",
        "type": "github"
      },
      "original": {
        "owner": "coletrammer",
        "repo": "dius",
        "type": "github"
      }
    },
    "flake-parts": {
      "inputs": {
        "nixpkgs-lib": ["nixpkgs"]
      },
      "locked": {
        "lastModified": 1762980239,
        "narHash": "sha256-8oNVE8TrD19ulHinjaqONf9QWCKK+w4url56cdStMpM=",
        "owner": "hercules-ci",
        "repo": "flake-parts",
        "rev": "52a2caecc898d0b46b2b905f058ccc5081f842da",
        "type": "github"
      },
      "original": {
        "owner": "hercules-ci",
        "repo": "flake-parts",
        "type": "github"
      }
    },
    "nixpkgs": {
      "locked": {
        "lastModified": 1763191728,
        "narHash": "sha256-esRhOS0APE6k40Hs/jjReXg+rx+J5LkWw7cuWFKlwYA=",
        "owner": "NixOS",
        "repo": "nixpkgs",
        "rev": "1d4c88323ac36805d09657d13a5273aea1b34f0c",
        "type": "github"
      },
      "original": {
        "owner": "NixOS",
        "ref": "nixpkgs-unstable",
        "repo": "nixpkgs",
        "type": "github"
      }
    },
    "root": {
      "inputs": {
        "di": "di",
        "dius": "dius",
        "flake-parts": "flake-parts",
        "nixpkgs": "nixpkgs"
      }
    }
  },
  "root": "root",
  "version": 7
}
