{
  "nodes": {
    "di": {
      "inputs": {
        "flake-parts": [
          "flake-parts"
        ],
        "nixpkgs": [
          "nixpkgs"
        ]
      },
      "locked": {
        "lastModified": 1774149616,
        "narHash": "sha256-7Eq2FRDhs4ujSaa+UCLmZH+E/kdpI/W2aCgIQHFVYf8=",
        "owner": "coletrammer",
        "repo": "di",
        "rev": "37f8ba8634f0d57e3aa6f05a88125d6ce7b20cc1",
        "type": "github"
      },
      "original": {
        "owner": "coletrammer",
        "repo": "di",
        "type": "github"
      }
    },
    "dius": {
      "inputs": {
        "di": [
          "di"
        ],
        "flake-parts": [
          "flake-parts"
        ],
        "nixpkgs": [
          "nixpkgs"
        ]
      },
      "locked": {
        "lastModified": 1772344973,
        "narHash": "sha256-7SnMcUTRCbRKqtxEtTamCdG8vlkoM4QkVnrSfE+Dzr4=",
        "owner": "coletrammer",
        "repo": "dius",
        "rev": "6f68e2fa32dcf537c9c1d279f707ee895a4cb81c",
        "type": "github"
      },
      "original": {
        "owner": "coletrammer",
        "repo": "dius",
        "type": "github"
      }
    },
    "flake-parts": {
      "inputs": {
        "nixpkgs-lib": [
          "nixpkgs"
        ]
      },
      "locked": {
        "lastModified": 1772408722,
        "narHash": "sha256-rHuJtdcOjK7rAHpHphUb1iCvgkU3GpfvicLMwwnfMT0=",
        "owner": "hercules-ci",
        "repo": "flake-parts",
        "rev": "f20dc5d9b8027381c474144ecabc9034d6a839a3",
        "type": "github"
      },
      "original": {
        "owner": "hercules-ci",
        "repo": "flake-parts",
        "type": "github"
      }
    },
    "iterm2-color-schemes": {
      "flake": false,
      "locked": {
        "lastModified": 1774275956,
        "narHash": "sha256-OyIxDnVw19uhlpyA+AwNtmQjNnQO06CFUOgY76PKBLg=",
        "owner": "mbadolato",
        "repo": "iTerm2-Color-Schemes",
        "rev": "a2c7b60293a81d82767893d89bc7599342c04cbf",
        "type": "github"
      },
      "original": {
        "owner": "mbadolato",
        "repo": "iTerm2-Color-Schemes",
        "type": "github"
      }
    },
    "nixpkgs": {
      "locked": {
        "lastModified": 1774243609,
        "narHash": "sha256-6sB2IYqXYwoQS11Ev0u3b0lpAleTpvNv5iv4iqiCCR8=",
        "owner": "NixOS",
        "repo": "nixpkgs",
        "rev": "4724d5647207377bede08da3212f809cbd94a648",
        "type": "github"
      },
      "original": {
        "owner": "NixOS",
        "ref": "nixpkgs-unstable",
        "repo": "nixpkgs",
        "type": "github"
      }
    },
    "root": {
      "inputs": {
        "di": "di",
        "dius": "dius",
        "flake-parts": "flake-parts",
        "iterm2-color-schemes": "iterm2-color-schemes",
        "nixpkgs": "nixpkgs"
      }
    }
  },
  "root": "root",
  "version": 7
}
