{
  "nodes": {
    "doxygen-awesome-css": {
      "flake": false,
      "locked": {
        "lastModified": 1736281781,
        "narHash": "sha256-TjZTymFubqoEvQdWw5bX2PLWPh//VYFJHbsrmdbaS7M=",
        "owner": "jothepro",
        "repo": "doxygen-awesome-css",
        "rev": "98dd024a650e71d8afd1215c27134aa779bdbbd7",
        "type": "github"
      },
      "original": {
        "owner": "jothepro",
        "repo": "doxygen-awesome-css",
        "type": "github"
      }
    },
    "nixpkgs": {
      "locked": {
        "lastModified": 1741037377,
        "narHash": "sha256-SvtvVKHaUX4Owb+PasySwZsoc5VUeTf1px34BByiOxw=",
        "owner": "NixOS",
        "repo": "nixpkgs",
        "rev": "02032da4af073d0f6110540c8677f16d4be0117f",
        "type": "github"
      },
      "original": {
        "owner": "NixOS",
        "ref": "nixpkgs-unstable",
        "repo": "nixpkgs",
        "type": "github"
      }
    },
    "root": {
      "inputs": {
        "doxygen-awesome-css": "doxygen-awesome-css",
        "nixpkgs": "nixpkgs",
        "treefmt-nix": "treefmt-nix"
      }
    },
    "treefmt-nix": {
      "inputs": {
        "nixpkgs": ["nixpkgs"]
      },
      "locked": {
        "lastModified": 1739829690,
        "narHash": "sha256-mL1szCeIsjh6Khn3nH2cYtwO5YXG6gBiTw1A30iGeDU=",
        "owner": "numtide",
        "repo": "treefmt-nix",
        "rev": "3d0579f5cc93436052d94b73925b48973a104204",
        "type": "github"
      },
      "original": {
        "owner": "numtide",
        "repo": "treefmt-nix",
        "type": "github"
      }
    }
  },
  "root": "root",
  "version": 7
}
