{
  "nodes": {
    "doxygen-awesome-css": {
      "flake": false,
      "locked": {
        "lastModified": 1743955705,
        "narHash": "sha256-HrFNbnpG0ttOg0xbC+WLhC77KmvkNjtVNk1QUD+JgYY=",
        "owner": "jothepro",
        "repo": "doxygen-awesome-css",
        "rev": "9760c30014131f4eacb8e96f15f3869c7bc5dd8c",
        "type": "github"
      },
      "original": {
        "owner": "jothepro",
        "repo": "doxygen-awesome-css",
        "type": "github"
      }
    },
    "nixpkgs": {
      "locked": {
        "lastModified": 1744868846,
        "narHash": "sha256-5RJTdUHDmj12Qsv7XOhuospjAjATNiTMElplWnJE9Hs=",
        "owner": "NixOS",
        "repo": "nixpkgs",
        "rev": "ebe4301cbd8f81c4f8d3244b3632338bbeb6d49c",
        "type": "github"
      },
      "original": {
        "owner": "NixOS",
        "ref": "nixpkgs-unstable",
        "repo": "nixpkgs",
        "type": "github"
      }
    },
    "root": {
      "inputs": {
        "doxygen-awesome-css": "doxygen-awesome-css",
        "nixpkgs": "nixpkgs",
        "treefmt-nix": "treefmt-nix"
      }
    },
    "treefmt-nix": {
      "inputs": {
        "nixpkgs": ["nixpkgs"]
      },
      "locked": {
        "lastModified": 1744961264,
        "narHash": "sha256-aRmUh0AMwcbdjJHnytg1e5h5ECcaWtIFQa6d9gI85AI=",
        "owner": "numtide",
        "repo": "treefmt-nix",
        "rev": "8d404a69efe76146368885110f29a2ca3700bee6",
        "type": "github"
      },
      "original": {
        "owner": "numtide",
        "repo": "treefmt-nix",
        "type": "github"
      }
    }
  },
  "root": "root",
  "version": 7
}
